# This file is generated by running "yarn install" inside your project.
# Manual changes might be lost - proceed with caution!

__metadata:
  version: 8
  cacheKey: 10

"@cspotcode/source-map-support@npm:^0.8.0":
  version: 0.8.1
  resolution: "@cspotcode/source-map-support@npm:0.8.1"
  dependencies:
    "@jridgewell/trace-mapping": "npm:0.3.9"
  checksum: 10/b6e38a1712fab242c86a241c229cf562195aad985d0564bd352ac404be583029e89e93028ffd2c251d2c407ecac5fb0cbdca94a2d5c10f29ac806ede0508b3ff
  languageName: node
  linkType: hard

"@jridgewell/resolve-uri@npm:^3.0.3":
  version: 3.0.5
  resolution: "@jridgewell/resolve-uri@npm:3.0.5"
  checksum: 10/66da0c14dfaebd3481ac363306eefa45aca6779f8635df7337b97c18873853a7e2946d79104fad3e2ab832fe438ebabcaa2091e55e069a81b35001fa6738f532
  languageName: node
  linkType: hard

"@jridgewell/sourcemap-codec@npm:^1.4.10":
  version: 1.4.11
  resolution: "@jridgewell/sourcemap-codec@npm:1.4.11"
  checksum: 10/591ca7f7884a51643e713b1b623c6c7d751bdc78d61b6cda1dcf7de1287e7f0530514c3f2c7d443273ddc8687637a95cd19f5d8986b32e2349d0f7310623df40
  languageName: node
  linkType: hard

"@jridgewell/trace-mapping@npm:0.3.9":
  version: 0.3.9
  resolution: "@jridgewell/trace-mapping@npm:0.3.9"
  dependencies:
    "@jridgewell/resolve-uri": "npm:^3.0.3"
    "@jridgewell/sourcemap-codec": "npm:^1.4.10"
  checksum: 10/83deafb8e7a5ca98993c2c6eeaa93c270f6f647a4c0dc00deb38c9cf9b2d3b7bf15e8839540155247ef034a052c0ec4466f980bf0c9e2ab63b97d16c0cedd3ff
  languageName: node
  linkType: hard

"@tsconfig/node10@npm:^1.0.7":
  version: 1.0.8
  resolution: "@tsconfig/node10@npm:1.0.8"
  checksum: 10/b8d5fffbc6b17ef64ef74f7fdbccee02a809a063ade785c3648dae59406bc207f70ea2c4296f92749b33019fa36a5ae716e42e49cc7f1bbf0fd147be0d6b970a
  languageName: node
  linkType: hard

"@tsconfig/node12@npm:^1.0.7":
  version: 1.0.9
  resolution: "@tsconfig/node12@npm:1.0.9"
  checksum: 10/a01b2400ab3582b86b589c6d31dcd0c0656f333adecde85d6d7d4086adb059808b82692380bb169546d189bf771ae21d02544a75b57bd6da4a5dd95f8567bec9
  languageName: node
  linkType: hard

"@tsconfig/node14@npm:^1.0.0":
  version: 1.0.1
  resolution: "@tsconfig/node14@npm:1.0.1"
  checksum: 10/976345e896c0f059867f94f8d0f6ddb8b1844fb62bf36b727de8a9a68f024857e5db97ed51d3325e23e0616a5e48c034ff51a8d595b3fe7e955f3587540489be
  languageName: node
  linkType: hard

"@tsconfig/node16@npm:^1.0.2":
  version: 1.0.2
  resolution: "@tsconfig/node16@npm:1.0.2"
  checksum: 10/ca94d3639714672bbfd55f03521d3f56bb6a25479bd425da81faf21f13e1e9d15f40f97377dedbbf477a5841c5b0c8f4cd1b391f33553d750b9202c54c2c07aa
  languageName: node
  linkType: hard

"@types/node@npm:^24.0.12":
  version: 24.0.12
  resolution: "@types/node@npm:24.0.12"
  dependencies:
    undici-types: "npm:~7.8.0"
  checksum: 10/4dbcd278ce2e0f4516376d1cb2c146ac68d45d4f97c406cc58fac7e63c49545eb97b3acb0d40dbf0d15893158981081da6163c01a16a265dfc3abb34d032f6c1
  languageName: node
  linkType: hard

"acorn-walk@npm:^8.1.1":
  version: 8.2.0
  resolution: "acorn-walk@npm:8.2.0"
  checksum: 10/e69f7234f2adfeb16db3671429a7c80894105bd7534cb2032acf01bb26e6a847952d11a062d071420b43f8d82e33d2e57f26fe87d9cce0853e8143d8910ff1de
  languageName: node
  linkType: hard

"acorn@npm:^8.4.1":
  version: 8.7.0
  resolution: "acorn@npm:8.7.0"
  bin:
    acorn: bin/acorn
  checksum: 10/0c437f0beffd4309a8ee327cecdc555e50a3d8e30534d079b1eba81ea6bd64c15119e7974a8f077eac4bd1c0dd122196ef08d3ee60b2efd7fee00e18e9a46b7d
  languageName: node
  linkType: hard

"arg@npm:^4.1.0":
  version: 4.1.3
  resolution: "arg@npm:4.1.3"
  checksum: 10/969b491082f20cad166649fa4d2073ea9e974a4e5ac36247ca23d2e5a8b3cb12d60e9ff70a8acfe26d76566c71fd351ee5e6a9a6595157eb36f92b1fd64e1599
  languageName: node
  linkType: hard

"create-require@npm:^1.1.0":
  version: 1.1.1
  resolution: "create-require@npm:1.1.1"
  checksum: 10/a9a1503d4390d8b59ad86f4607de7870b39cad43d929813599a23714831e81c520bddf61bcdd1f8e30f05fd3a2b71ae8538e946eb2786dc65c2bbc520f692eff
  languageName: node
  linkType: hard

"diff@npm:^4.0.1":
  version: 4.0.2
  resolution: "diff@npm:4.0.2"
  checksum: 10/ec09ec2101934ca5966355a229d77afcad5911c92e2a77413efda5455636c4cf2ce84057e2d7715227a2eeeda04255b849bd3ae3a4dd22eb22e86e76456df069
  languageName: node
  linkType: hard

"lean-logger@workspace:.":
  version: 0.0.0-use.local
  resolution: "lean-logger@workspace:."
  dependencies:
    "@types/node": "npm:^24.0.12"
    ts-node: "npm:^10.9.2"
    typescript: "npm:^5.8.3"
  languageName: unknown
  linkType: soft

"make-error@npm:^1.1.1":
  version: 1.3.6
  resolution: "make-error@npm:1.3.6"
  checksum: 10/b86e5e0e25f7f777b77fabd8e2cbf15737972869d852a22b7e73c17623928fccb826d8e46b9951501d3f20e51ad74ba8c59ed584f610526a48f8ccf88aaec402
  languageName: node
  linkType: hard

"ts-node@npm:^10.9.2":
  version: 10.9.2
  resolution: "ts-node@npm:10.9.2"
  dependencies:
    "@cspotcode/source-map-support": "npm:^0.8.0"
    "@tsconfig/node10": "npm:^1.0.7"
    "@tsconfig/node12": "npm:^1.0.7"
    "@tsconfig/node14": "npm:^1.0.0"
    "@tsconfig/node16": "npm:^1.0.2"
    acorn: "npm:^8.4.1"
    acorn-walk: "npm:^8.1.1"
    arg: "npm:^4.1.0"
    create-require: "npm:^1.1.0"
    diff: "npm:^4.0.1"
    make-error: "npm:^1.1.1"
    v8-compile-cache-lib: "npm:^3.0.1"
    yn: "npm:3.1.1"
  peerDependencies:
    "@swc/core": ">=1.2.50"
    "@swc/wasm": ">=1.2.50"
    "@types/node": "*"
    typescript: ">=2.7"
  peerDependenciesMeta:
    "@swc/core":
      optional: true
    "@swc/wasm":
      optional: true
  bin:
    ts-node: dist/bin.js
    ts-node-cwd: dist/bin-cwd.js
    ts-node-esm: dist/bin-esm.js
    ts-node-script: dist/bin-script.js
    ts-node-transpile-only: dist/bin-transpile.js
    ts-script: dist/bin-script-deprecated.js
  checksum: 10/a91a15b3c9f76ac462f006fa88b6bfa528130dcfb849dd7ef7f9d640832ab681e235b8a2bc58ecde42f72851cc1d5d4e22c901b0c11aa51001ea1d395074b794
  languageName: node
  linkType: hard

"typescript@npm:^5.8.3":
  version: 5.8.3
  resolution: "typescript@npm:5.8.3"
  bin:
    tsc: bin/tsc
    tsserver: bin/tsserver
  checksum: 10/65c40944c51b513b0172c6710ee62e951b70af6f75d5a5da745cb7fab132c09ae27ffdf7838996e3ed603bb015dadd099006658046941bd0ba30340cc563ae92
  languageName: node
  linkType: hard

"typescript@patch:typescript@npm%3A^5.8.3#optional!builtin<compat/typescript>":
  version: 5.8.3
  resolution: "typescript@patch:typescript@npm%3A5.8.3#optional!builtin<compat/typescript>::version=5.8.3&hash=5786d5"
  bin:
    tsc: bin/tsc
    tsserver: bin/tsserver
  checksum: 10/b9b1e73dabac5dc730c041325dbd9c99467c1b0d239f1b74ec3b90d831384af3e2ba973946232df670519147eb51a2c20f6f96163cea2b359f03de1e2091cc4f
  languageName: node
  linkType: hard

"undici-types@npm:~7.8.0":
  version: 7.8.0
  resolution: "undici-types@npm:7.8.0"
  checksum: 10/fcff3fbab234f067fbd69e374ee2c198ba74c364ceaf6d93db7ca267e784457b5518cd01d0d2329b075f412574205ea3172a9a675facb49b4c9efb7141cd80b7
  languageName: node
  linkType: hard

"v8-compile-cache-lib@npm:^3.0.1":
  version: 3.0.1
  resolution: "v8-compile-cache-lib@npm:3.0.1"
  checksum: 10/88d3423a52b6aaf1836be779cab12f7016d47ad8430dffba6edf766695e6d90ad4adaa3d8eeb512cc05924f3e246c4a4ca51e089dccf4402caa536b5e5be8961
  languageName: node
  linkType: hard

"yn@npm:3.1.1":
  version: 3.1.1
  resolution: "yn@npm:3.1.1"
  checksum: 10/2c487b0e149e746ef48cda9f8bad10fc83693cd69d7f9dcd8be4214e985de33a29c9e24f3c0d6bcf2288427040a8947406ab27f7af67ee9456e6b84854f02dd6
  languageName: node
  linkType: hard
